org.apache.derby:derby:jar:10.8.1.2
antlr:antlr:jar:2.7.6
dom4j:dom4j:jar:1.6.1
xml-apis:xml-apis:jar:1.0.b2
javassist:javassist:jar:3.4.GA
javax.transaction:jta:jar:1.1
org.slf4j:slf4j-api:jar:1.5.2
org.slf4j:slf4j-jdk14:jar:1.5.2
org.hibernate:hibernate-core:jar:3.3.0.GA
commons-collections:commons-collections:jar:3.1
